// !$*UTF8*$!
{
	archiveVersion = 1;
	classes = {
	};
	objectVersion = 46;
	objects = {

/* Begin PBXBuildFile section */
		F2B029101B241B6300A2CD6E /* AppDelegate.swift in Sources */ = {isa = PBXBuildFile; fileRef = F2B0290F1B241B6300A2CD6E /* AppDelegate.swift */; };
		F2B029171B241B6300A2CD6E /* Images.xcassets in Resources */ = {isa = PBXBuildFile; fileRef = F2B029161B241B6300A2CD6E /* Images.xcassets */; };
		F2B0291A1B241B6300A2CD6E /* LaunchScreen.xib in Resources */ = {isa = PBXBuildFile; fileRef = F2B029181B241B6300A2CD6E /* LaunchScreen.xib */; };
		F2B029311B241E4900A2CD6E /* Realm.framework in Frameworks */ = {isa = PBXBuildFile; fileRef = F2B0292F1B241E4900A2CD6E /* Realm.framework */; };
		F2B029321B241E4900A2CD6E /* RealmSwift.framework in Frameworks */ = {isa = PBXBuildFile; fileRef = F2B029301B241E4900A2CD6E /* RealmSwift.framework */; };
		F2B029351B2422EB00A2CD6E /* DayEntry.swift in Sources */ = {isa = PBXBuildFile; fileRef = F2B029341B2422EB00A2CD6E /* DayEntry.swift */; };
		F2B0293B1B242A9900A2CD6E /* Medicine.swift in Sources */ = {isa = PBXBuildFile; fileRef = F2B0293A1B242A9900A2CD6E /* Medicine.swift */; };
		F2B0293D1B242C8B00A2CD6E /* Provision.swift in Sources */ = {isa = PBXBuildFile; fileRef = F2B0293C1B242C8B00A2CD6E /* Provision.swift */; };
		F2B0293F1B24331800A2CD6E /* PollenContamination.swift in Sources */ = {isa = PBXBuildFile; fileRef = F2B0293E1B24331800A2CD6E /* PollenContamination.swift */; };
/* End PBXBuildFile section */

/* Begin PBXContainerItemProxy section */
		F2B029201B241B6300A2CD6E /* PBXContainerItemProxy */ = {
			isa = PBXContainerItemProxy;
			containerPortal = F2B029021B241B6200A2CD6E /* Project object */;
			proxyType = 1;
			remoteGlobalIDString = F2B029091B241B6300A2CD6E;
			remoteInfo = AllergyDiary;
		};
/* End PBXContainerItemProxy section */

/* Begin PBXFileReference section */
		F2B0290A1B241B6300A2CD6E /* AllergyDiary.app */ = {isa = PBXFileReference; explicitFileType = wrapper.application; includeInIndex = 0; path = AllergyDiary.app; sourceTree = BUILT_PRODUCTS_DIR; };
		F2B0290E1B241B6300A2CD6E /* Info.plist */ = {isa = PBXFileReference; lastKnownFileType = text.plist.xml; path = Info.plist; sourceTree = "<group>"; };
		F2B0290F1B241B6300A2CD6E /* AppDelegate.swift */ = {isa = PBXFileReference; lastKnownFileType = sourcecode.swift; path = AppDelegate.swift; sourceTree = "<group>"; };
		F2B029161B241B6300A2CD6E /* Images.xcassets */ = {isa = PBXFileReference; lastKnownFileType = folder.assetcatalog; path = Images.xcassets; sourceTree = "<group>"; };
		F2B029191B241B6300A2CD6E /* Base */ = {isa = PBXFileReference; lastKnownFileType = file.xib; name = Base; path = Base.lproj/LaunchScreen.xib; sourceTree = "<group>"; };
		F2B0291F1B241B6300A2CD6E /* AllergyDiaryTests.xctest */ = {isa = PBXFileReference; explicitFileType = wrapper.cfbundle; includeInIndex = 0; path = AllergyDiaryTests.xctest; sourceTree = BUILT_PRODUCTS_DIR; };
		F2B029241B241B6300A2CD6E /* Info.plist */ = {isa = PBXFileReference; lastKnownFileType = text.plist.xml; path = Info.plist; sourceTree = "<group>"; };
		F2B0292F1B241E4900A2CD6E /* Realm.framework */ = {isa = PBXFileReference; lastKnownFileType = wrapper.framework; name = Realm.framework; path = Carthage/Build/iOS/Realm.framework; sourceTree = "<group>"; };
		F2B029301B241E4900A2CD6E /* RealmSwift.framework */ = {isa = PBXFileReference; lastKnownFileType = wrapper.framework; name = RealmSwift.framework; path = Carthage/Build/iOS/RealmSwift.framework; sourceTree = "<group>"; };
		F2B029341B2422EB00A2CD6E /* DayEntry.swift */ = {isa = PBXFileReference; fileEncoding = 4; lastKnownFileType = sourcecode.swift; name = DayEntry.swift; path = Model/DayEntry.swift; sourceTree = "<group>"; };
		F2B029391B24292700A2CD6E /* TestPlayground.playground */ = {isa = PBXFileReference; lastKnownFileType = file.playground; path = TestPlayground.playground; sourceTree = "<group>"; };
		F2B0293A1B242A9900A2CD6E /* Medicine.swift */ = {isa = PBXFileReference; fileEncoding = 4; lastKnownFileType = sourcecode.swift; name = Medicine.swift; path = Model/Medicine.swift; sourceTree = "<group>"; };
		F2B0293C1B242C8B00A2CD6E /* Provision.swift */ = {isa = PBXFileReference; fileEncoding = 4; lastKnownFileType = sourcecode.swift; name = Provision.swift; path = Model/Provision.swift; sourceTree = "<group>"; };
		F2B0293E1B24331800A2CD6E /* PollenContamination.swift */ = {isa = PBXFileReference; fileEncoding = 4; lastKnownFileType = sourcecode.swift; name = PollenContamination.swift; path = Model/PollenContamination.swift; sourceTree = "<group>"; };
/* End PBXFileReference section */

/* Begin PBXFrameworksBuildPhase section */
		F2B029071B241B6300A2CD6E /* Frameworks */ = {
			isa = PBXFrameworksBuildPhase;
			buildActionMask = 2147483647;
			files = (
				F2B029311B241E4900A2CD6E /* Realm.framework in Frameworks */,
				F2B029321B241E4900A2CD6E /* RealmSwift.framework in Frameworks */,
			);
			runOnlyForDeploymentPostprocessing = 0;
		};
		F2B0291C1B241B6300A2CD6E /* Frameworks */ = {
			isa = PBXFrameworksBuildPhase;
			buildActionMask = 2147483647;
			files = (
			);
			runOnlyForDeploymentPostprocessing = 0;
		};
/* End PBXFrameworksBuildPhase section */

/* Begin PBXGroup section */
		F2B029011B241B6200A2CD6E = {
			isa = PBXGroup;
			children = (
				F2B029391B24292700A2CD6E /* TestPlayground.playground */,
				F2B0292F1B241E4900A2CD6E /* Realm.framework */,
				F2B029301B241E4900A2CD6E /* RealmSwift.framework */,
				F2B0290C1B241B6300A2CD6E /* AllergyDiary */,
				F2B029221B241B6300A2CD6E /* AllergyDiaryTests */,
				F2B0290B1B241B6300A2CD6E /* Products */,
			);
			sourceTree = "<group>";
		};
		F2B0290B1B241B6300A2CD6E /* Products */ = {
			isa = PBXGroup;
			children = (
				F2B0290A1B241B6300A2CD6E /* AllergyDiary.app */,
				F2B0291F1B241B6300A2CD6E /* AllergyDiaryTests.xctest */,
			);
			name = Products;
			sourceTree = "<group>";
		};
		F2B0290C1B241B6300A2CD6E /* AllergyDiary */ = {
			isa = PBXGroup;
			children = (
				F2B0290F1B241B6300A2CD6E /* AppDelegate.swift */,
				F2B029361B2422F200A2CD6E /* Model */,
				F2B029161B241B6300A2CD6E /* Images.xcassets */,
				F2B029181B241B6300A2CD6E /* LaunchScreen.xib */,
				F2B0290D1B241B6300A2CD6E /* Supporting Files */,
			);
			path = AllergyDiary;
			sourceTree = "<group>";
		};
		F2B0290D1B241B6300A2CD6E /* Supporting Files */ = {
			isa = PBXGroup;
			children = (
				F2B0290E1B241B6300A2CD6E /* Info.plist */,
			);
			name = "Supporting Files";
			sourceTree = "<group>";
		};
		F2B029221B241B6300A2CD6E /* AllergyDiaryTests */ = {
			isa = PBXGroup;
			children = (
				F2B029231B241B6300A2CD6E /* Supporting Files */,
			);
			path = AllergyDiaryTests;
			sourceTree = "<group>";
		};
		F2B029231B241B6300A2CD6E /* Supporting Files */ = {
			isa = PBXGroup;
			children = (
				F2B029241B241B6300A2CD6E /* Info.plist */,
			);
			name = "Supporting Files";
			sourceTree = "<group>";
		};
		F2B029361B2422F200A2CD6E /* Model */ = {
			isa = PBXGroup;
			children = (
				F2B029341B2422EB00A2CD6E /* DayEntry.swift */,
				F2B0293A1B242A9900A2CD6E /* Medicine.swift */,
				F2B0293C1B242C8B00A2CD6E /* Provision.swift */,
				F2B0293E1B24331800A2CD6E /* PollenContamination.swift */,
			);
			name = Model;
			sourceTree = "<group>";
		};
/* End PBXGroup section */

/* Begin PBXNativeTarget section */
		F2B029091B241B6300A2CD6E /* AllergyDiary */ = {
			isa = PBXNativeTarget;
			buildConfigurationList = F2B029291B241B6300A2CD6E /* Build configuration list for PBXNativeTarget "AllergyDiary" */;
			buildPhases = (
				F2B029061B241B6300A2CD6E /* Sources */,
				F2B029071B241B6300A2CD6E /* Frameworks */,
				F2B029081B241B6300A2CD6E /* Resources */,
				F2B029331B241E6E00A2CD6E /* ShellScript */,
			);
			buildRules = (
			);
			dependencies = (
			);
			name = AllergyDiary;
			productName = AllergyDiary;
			productReference = F2B0290A1B241B6300A2CD6E /* AllergyDiary.app */;
			productType = "com.apple.product-type.application";
		};
		F2B0291E1B241B6300A2CD6E /* AllergyDiaryTests */ = {
			isa = PBXNativeTarget;
			buildConfigurationList = F2B0292C1B241B6300A2CD6E /* Build configuration list for PBXNativeTarget "AllergyDiaryTests" */;
			buildPhases = (
				F2B0291B1B241B6300A2CD6E /* Sources */,
				F2B0291C1B241B6300A2CD6E /* Frameworks */,
				F2B0291D1B241B6300A2CD6E /* Resources */,
			);
			buildRules = (
			);
			dependencies = (
				F2B029211B241B6300A2CD6E /* PBXTargetDependency */,
			);
			name = AllergyDiaryTests;
			productName = AllergyDiaryTests;
			productReference = F2B0291F1B241B6300A2CD6E /* AllergyDiaryTests.xctest */;
			productType = "com.apple.product-type.bundle.unit-test";
		};
/* End PBXNativeTarget section */

/* Begin PBXProject section */
		F2B029021B241B6200A2CD6E /* Project object */ = {
			isa = PBXProject;
			attributes = {
				LastUpgradeCheck = 0630;
				ORGANIZATIONNAME = "Dominik Hauser";
				TargetAttributes = {
					F2B029091B241B6300A2CD6E = {
						CreatedOnToolsVersion = 6.3.2;
					};
					F2B0291E1B241B6300A2CD6E = {
						CreatedOnToolsVersion = 6.3.2;
						TestTargetID = F2B029091B241B6300A2CD6E;
					};
				};
			};
			buildConfigurationList = F2B029051B241B6200A2CD6E /* Build configuration list for PBXProject "AllergyDiary" */;
			compatibilityVersion = "Xcode 3.2";
			developmentRegion = English;
			hasScannedForEncodings = 0;
			knownRegions = (
				en,
				Base,
			);
			mainGroup = F2B029011B241B6200A2CD6E;
			productRefGroup = F2B0290B1B241B6300A2CD6E /* Products */;
			projectDirPath = "";
			projectRoot = "";
			targets = (
				F2B029091B241B6300A2CD6E /* AllergyDiary */,
				F2B0291E1B241B6300A2CD6E /* AllergyDiaryTests */,
			);
		};
/* End PBXProject section */

/* Begin PBXResourcesBuildPhase section */
		F2B029081B241B6300A2CD6E /* Resources */ = {
			isa = PBXResourcesBuildPhase;
			buildActionMask = 2147483647;
			files = (
				F2B0291A1B241B6300A2CD6E /* LaunchScreen.xib in Resources */,
				F2B029171B241B6300A2CD6E /* Images.xcassets in Resources */,
			);
			runOnlyForDeploymentPostprocessing = 0;
		};
		F2B0291D1B241B6300A2CD6E /* Resources */ = {
			isa = PBXResourcesBuildPhase;
			buildActionMask = 2147483647;
			files = (
			);
			runOnlyForDeploymentPostprocessing = 0;
		};
/* End PBXResourcesBuildPhase section */

/* Begin PBXShellScriptBuildPhase section */
		F2B029331B241E6E00A2CD6E /* ShellScript */ = {
			isa = PBXShellScriptBuildPhase;
			buildActionMask = 2147483647;
			files = (
			);
			inputPaths = (
				"$(SRCROOT)/Carthage/Build/iOS/Realm.framework",
				"$(SRCROOT)/Carthage/Build/iOS/RealmSwift.framework",
			);
			outputPaths = (
			);
			runOnlyForDeploymentPostprocessing = 0;
			shellPath = /bin/sh;
			shellScript = "/usr/local/bin/carthage copy-frameworks";
		};
/* End PBXShellScriptBuildPhase section */

/* Begin PBXSourcesBuildPhase section */
		F2B029061B241B6300A2CD6E /* Sources */ = {
			isa = PBXSourcesBuildPhase;
			buildActionMask = 2147483647;
			files = (
				F2B029101B241B6300A2CD6E /* AppDelegate.swift in Sources */,
				F2B0293F1B24331800A2CD6E /* PollenContamination.swift in Sources */,
				F2B0293B1B242A9900A2CD6E /* Medicine.swift in Sources */,
				F2B029351B2422EB00A2CD6E /* DayEntry.swift in Sources */,
				F2B0293D1B242C8B00A2CD6E /* Provision.swift in Sources */,
			);
			runOnlyForDeploymentPostprocessing = 0;
		};
		F2B0291B1B241B6300A2CD6E /* Sources */ = {
			isa = PBXSourcesBuildPhase;
			buildActionMask = 2147483647;
			files = (
			);
			runOnlyForDeploymentPostprocessing = 0;
		};
/* End PBXSourcesBuildPhase section */

/* Begin PBXTargetDependency section */
		F2B029211B241B6300A2CD6E /* PBXTargetDependency */ = {
			isa = PBXTargetDependency;
			target = F2B029091B241B6300A2CD6E /* AllergyDiary */;
			targetProxy = F2B029201B241B6300A2CD6E /* PBXContainerItemProxy */;
		};
/* End PBXTargetDependency section */

/* Begin PBXVariantGroup section */
		F2B029181B241B6300A2CD6E /* LaunchScreen.xib */ = {
			isa = PBXVariantGroup;
			children = (
				F2B029191B241B6300A2CD6E /* Base */,
			);
			name = LaunchScreen.xib;
			sourceTree = "<group>";
		};
/* End PBXVariantGroup section */

/* Begin XCBuildConfiguration section */
		F2B029271B241B6300A2CD6E /* Debug */ = {
			isa = XCBuildConfiguration;
			buildSettings = {
				ALWAYS_SEARCH_USER_PATHS = NO;
				CLANG_CXX_LANGUAGE_STANDARD = "gnu++0x";
				CLANG_CXX_LIBRARY = "libc++";
				CLANG_ENABLE_MODULES = YES;
				CLANG_ENABLE_OBJC_ARC = YES;
				CLANG_WARN_BOOL_CONVERSION = YES;
				CLANG_WARN_CONSTANT_CONVERSION = YES;
				CLANG_WARN_DIRECT_OBJC_ISA_USAGE = YES_ERROR;
				CLANG_WARN_EMPTY_BODY = YES;
				CLANG_WARN_ENUM_CONVERSION = YES;
				CLANG_WARN_INT_CONVERSION = YES;
				CLANG_WARN_OBJC_ROOT_CLASS = YES_ERROR;
				CLANG_WARN_UNREACHABLE_CODE = YES;
				CLANG_WARN__DUPLICATE_METHOD_MATCH = YES;
				"CODE_SIGN_IDENTITY[sdk=iphoneos*]" = "iPhone Developer";
				COPY_PHASE_STRIP = NO;
				DEBUG_INFORMATION_FORMAT = "dwarf-with-dsym";
				ENABLE_STRICT_OBJC_MSGSEND = YES;
				GCC_C_LANGUAGE_STANDARD = gnu99;
				GCC_DYNAMIC_NO_PIC = NO;
				GCC_NO_COMMON_BLOCKS = YES;
				GCC_OPTIMIZATION_LEVEL = 0;
				GCC_PREPROCESSOR_DEFINITIONS = (
					"DEBUG=1",
					"$(inherited)",
				);
				GCC_SYMBOLS_PRIVATE_EXTERN = NO;
				GCC_WARN_64_TO_32_BIT_CONVERSION = YES;
				GCC_WARN_ABOUT_RETURN_TYPE = YES_ERROR;
				GCC_WARN_UNDECLARED_SELECTOR = YES;
				GCC_WARN_UNINITIALIZED_AUTOS = YES_AGGRESSIVE;
				GCC_WARN_UNUSED_FUNCTION = YES;
				GCC_WARN_UNUSED_VARIABLE = YES;
				IPHONEOS_DEPLOYMENT_TARGET = 8.3;
				MTL_ENABLE_DEBUG_INFO = YES;
				ONLY_ACTIVE_ARCH = YES;
				SDKROOT = iphoneos;
				SWIFT_OPTIMIZATION_LEVEL = "-Onone";
			};
			name = Debug;
		};
		F2B029281B241B6300A2CD6E /* Release */ = {
			isa = XCBuildConfiguration;
			buildSettings = {
				ALWAYS_SEARCH_USER_PATHS = NO;
				CLANG_CXX_LANGUAGE_STANDARD = "gnu++0x";
				CLANG_CXX_LIBRARY = "libc++";
				CLANG_ENABLE_MODULES = YES;
				CLANG_ENABLE_OBJC_ARC = YES;
				CLANG_WARN_BOOL_CONVERSION = YES;
				CLANG_WARN_CONSTANT_CONVERSION = YES;
				CLANG_WARN_DIRECT_OBJC_ISA_USAGE = YES_ERROR;
				CLANG_WARN_EMPTY_BODY = YES;
				CLANG_WARN_ENUM_CONVERSION = YES;
				CLANG_WARN_INT_CONVERSION = YES;
				CLANG_WARN_OBJC_ROOT_CLASS = YES_ERROR;
				CLANG_WARN_UNREACHABLE_CODE = YES;
				CLANG_WARN__DUPLICATE_METHOD_MATCH = YES;
				"CODE_SIGN_IDENTITY[sdk=iphoneos*]" = "iPhone Developer";
				COPY_PHASE_STRIP = NO;
				DEBUG_INFORMATION_FORMAT = "dwarf-with-dsym";
				ENABLE_NS_ASSERTIONS = NO;
				ENABLE_STRICT_OBJC_MSGSEND = YES;
				GCC_C_LANGUAGE_STANDARD = gnu99;
				GCC_NO_COMMON_BLOCKS = YES;
				GCC_WARN_64_TO_32_BIT_CONVERSION = YES;
				GCC_WARN_ABOUT_RETURN_TYPE = YES_ERROR;
				GCC_WARN_UNDECLARED_SELECTOR = YES;
				GCC_WARN_UNINITIALIZED_AUTOS = YES_AGGRESSIVE;
				GCC_WARN_UNUSED_FUNCTION = YES;
				GCC_WARN_UNUSED_VARIABLE = YES;
				IPHONEOS_DEPLOYMENT_TARGET = 8.3;
				MTL_ENABLE_DEBUG_INFO = NO;
				SDKROOT = iphoneos;
				VALIDATE_PRODUCT = YES;
			};
			name = Release;
		};
		F2B0292A1B241B6300A2CD6E /* Debug */ = {
			isa = XCBuildConfiguration;
			buildSettings = {
				ASSETCATALOG_COMPILER_APPICON_NAME = AppIcon;
				FRAMEWORK_SEARCH_PATHS = (
					"$(inherited)",
					"$(PROJECT_DIR)/Carthage/Build/iOS",
				);
				INFOPLIST_FILE = AllergyDiary/Info.plist;
				LD_RUNPATH_SEARCH_PATHS = "$(inherited) @executable_path/Frameworks";
				PRODUCT_NAME = "$(TARGET_NAME)";
			};
			name = Debug;
		};
		F2B0292B1B241B6300A2CD6E /* Release */ = {
			isa = XCBuildConfiguration;
			buildSettings = {
				ASSETCATALOG_COMPILER_APPICON_NAME = AppIcon;
				FRAMEWORK_SEARCH_PATHS = (
					"$(inherited)",
					"$(PROJECT_DIR)/Carthage/Build/iOS",
				);
				INFOPLIST_FILE = AllergyDiary/Info.plist;
				LD_RUNPATH_SEARCH_PATHS = "$(inherited) @executable_path/Frameworks";
				PRODUCT_NAME = "$(TARGET_NAME)";
			};
			name = Release;
		};
		F2B0292D1B241B6300A2CD6E /* Debug */ = {
			isa = XCBuildConfiguration;
			buildSettings = {
				BUNDLE_LOADER = "$(TEST_HOST)";
				FRAMEWORK_SEARCH_PATHS = (
					"$(SDKROOT)/Developer/Library/Frameworks",
					"$(inherited)",
				);
				GCC_PREPROCESSOR_DEFINITIONS = (
					"DEBUG=1",
					"$(inherited)",
				);
				INFOPLIST_FILE = AllergyDiaryTests/Info.plist;
				LD_RUNPATH_SEARCH_PATHS = "$(inherited) @executable_path/Frameworks @loader_path/Frameworks";
				PRODUCT_NAME = "$(TARGET_NAME)";
				TEST_HOST = "$(BUILT_PRODUCTS_DIR)/AllergyDiary.app/AllergyDiary";
			};
			name = Debug;
		};
		F2B0292E1B241B6300A2CD6E /* Release */ = {
			isa = XCBuildConfiguration;
			buildSettings = {
				BUNDLE_LOADER = "$(TEST_HOST)";
				FRAMEWORK_SEARCH_PATHS = (
					"$(SDKROOT)/Developer/Library/Frameworks",
					"$(inherited)",
				);
				INFOPLIST_FILE = AllergyDiaryTests/Info.plist;
				LD_RUNPATH_SEARCH_PATHS = "$(inherited) @executable_path/Frameworks @loader_path/Frameworks";
				PRODUCT_NAME = "$(TARGET_NAME)";
				TEST_HOST = "$(BUILT_PRODUCTS_DIR)/AllergyDiary.app/AllergyDiary";
			};
			name = Release;
		};
/* End XCBuildConfiguration section */

/* Begin XCConfigurationList section */
		F2B029051B241B6200A2CD6E /* Build configuration list for PBXProject "AllergyDiary" */ = {
			isa = XCConfigurationList;
			buildConfigurations = (
				F2B029271B241B6300A2CD6E /* Debug */,
				F2B029281B241B6300A2CD6E /* Release */,
			);
			defaultConfigurationIsVisible = 0;
			defaultConfigurationName = Release;
		};
		F2B029291B241B6300A2CD6E /* Build configuration list for PBXNativeTarget "AllergyDiary" */ = {
			isa = XCConfigurationList;
			buildConfigurations = (
				F2B0292A1B241B6300A2CD6E /* Debug */,
				F2B0292B1B241B6300A2CD6E /* Release */,
			);
			defaultConfigurationIsVisible = 0;
			defaultConfigurationName = Release;
		};
		F2B0292C1B241B6300A2CD6E /* Build configuration list for PBXNativeTarget "AllergyDiaryTests" */ = {
			isa = XCConfigurationList;
			buildConfigurations = (
				F2B0292D1B241B6300A2CD6E /* Debug */,
				F2B0292E1B241B6300A2CD6E /* Release */,
			);
			defaultConfigurationIsVisible = 0;
			defaultConfigurationName = Release;
		};
/* End XCConfigurationList section */
	};
	rootObject = F2B029021B241B6200A2CD6E /* Project object */;
}
